// !$*UTF8*$!
{
	archiveVersion = 1;
	classes = {
	};
	objectVersion = 51;
	objects = {

/* Begin PBXBuildFile section */
		2111B878262C121800E5418E /* WidgetKit.framework in Frameworks */ = {isa = PBXBuildFile; fileRef = 2160055A262B356300B63BB8 /* WidgetKit.framework */; };
		2111B879262C121800E5418E /* SwiftUI.framework in Frameworks */ = {isa = PBXBuildFile; fileRef = 2160055C262B356300B63BB8 /* SwiftUI.framework */; };
		2111B87C262C121800E5418E /* widget.swift in Sources */ = {isa = PBXBuildFile; fileRef = 2111B87B262C121800E5418E /* widget.swift */; };
		2111B87F262C121900E5418E /* Assets.xcassets in Resources */ = {isa = PBXBuildFile; fileRef = 2111B87E262C121900E5418E /* Assets.xcassets */; };
		2111B881262C121900E5418E /* widget.intentdefinition in Sources */ = {isa = PBXBuildFile; fileRef = 2111B87D262C121800E5418E /* widget.intentdefinition */; };
		2111B882262C121900E5418E /* widget.intentdefinition in Sources */ = {isa = PBXBuildFile; fileRef = 2111B87D262C121800E5418E /* widget.intentdefinition */; };
		2111B885262C121900E5418E /* widgetExtension.appex in Embed App Extensions */ = {isa = PBXBuildFile; fileRef = 2111B877262C121800E5418E /* widgetExtension.appex */; settings = {ATTRIBUTES = (RemoveHeadersOnCopy, ); }; };
		2160052B262AF32200B63BB8 /* AppDelegate.swift in Sources */ = {isa = PBXBuildFile; fileRef = 2160052A262AF32200B63BB8 /* AppDelegate.swift */; };
		2160052D262AF32200B63BB8 /* SceneDelegate.swift in Sources */ = {isa = PBXBuildFile; fileRef = 2160052C262AF32200B63BB8 /* SceneDelegate.swift */; };
		2160052F262AF32200B63BB8 /* ViewController.swift in Sources */ = {isa = PBXBuildFile; fileRef = 2160052E262AF32200B63BB8 /* ViewController.swift */; };
		21600532262AF32200B63BB8 /* Main.storyboard in Resources */ = {isa = PBXBuildFile; fileRef = 21600530262AF32200B63BB8 /* Main.storyboard */; };
		21600534262AF32400B63BB8 /* Assets.xcassets in Resources */ = {isa = PBXBuildFile; fileRef = 21600533262AF32400B63BB8 /* Assets.xcassets */; };
		21600537262AF32400B63BB8 /* LaunchScreen.storyboard in Resources */ = {isa = PBXBuildFile; fileRef = 21600535262AF32400B63BB8 /* LaunchScreen.storyboard */; };
		21600544262AF3EE00B63BB8 /* AddViewController.swift in Sources */ = {isa = PBXBuildFile; fileRef = 21600543262AF3EE00B63BB8 /* AddViewController.swift */; };
		21600552262B03EA00B63BB8 /* RTaskModel.swift in Sources */ = {isa = PBXBuildFile; fileRef = 21600551262B03EA00B63BB8 /* RTaskModel.swift */; };
		21A37F52262BEA8D0065A04D /* AddTaskViewModel.swift in Sources */ = {isa = PBXBuildFile; fileRef = 21A37F51262BEA8D0065A04D /* AddTaskViewModel.swift */; };
		6B52CF9F1590665BF3803261 /* Pods_Remind.framework in Frameworks */ = {isa = PBXBuildFile; fileRef = C2B04B18D458FAF9ECB82F8F /* Pods_Remind.framework */; };
/* End PBXBuildFile section */

/* Begin PBXContainerItemProxy section */
		2111B883262C121900E5418E /* PBXContainerItemProxy */ = {
			isa = PBXContainerItemProxy;
			containerPortal = 2160051F262AF32200B63BB8 /* Project object */;
			proxyType = 1;
			remoteGlobalIDString = 2111B876262C121800E5418E;
			remoteInfo = widgetExtension;
		};
/* End PBXContainerItemProxy section */

/* Begin PBXCopyFilesBuildPhase section */
		2160056D262B356500B63BB8 /* Embed App Extensions */ = {
			isa = PBXCopyFilesBuildPhase;
			buildActionMask = 2147483647;
			dstPath = "";
			dstSubfolderSpec = 13;
			files = (
				2111B885262C121900E5418E /* widgetExtension.appex in Embed App Extensions */,
			);
			name = "Embed App Extensions";
			runOnlyForDeploymentPostprocessing = 0;
		};
/* End PBXCopyFilesBuildPhase section */

/* Begin PBXFileReference section */
		13736D8ABBA51C8F95348B80 /* Pods-Remind.debug.xcconfig */ = {isa = PBXFileReference; includeInIndex = 1; lastKnownFileType = text.xcconfig; name = "Pods-Remind.debug.xcconfig"; path = "Target Support Files/Pods-Remind/Pods-Remind.debug.xcconfig"; sourceTree = "<group>"; };
		2111B877262C121800E5418E /* widgetExtension.appex */ = {isa = PBXFileReference; explicitFileType = "wrapper.app-extension"; includeInIndex = 0; path = widgetExtension.appex; sourceTree = BUILT_PRODUCTS_DIR; };
		2111B87B262C121800E5418E /* widget.swift */ = {isa = PBXFileReference; lastKnownFileType = sourcecode.swift; path = widget.swift; sourceTree = "<group>"; };
		2111B87D262C121800E5418E /* widget.intentdefinition */ = {isa = PBXFileReference; lastKnownFileType = file.intentdefinition; path = widget.intentdefinition; sourceTree = "<group>"; };
		2111B87E262C121900E5418E /* Assets.xcassets */ = {isa = PBXFileReference; lastKnownFileType = folder.assetcatalog; path = Assets.xcassets; sourceTree = "<group>"; };
		2111B880262C121900E5418E /* Info.plist */ = {isa = PBXFileReference; lastKnownFileType = text.plist.xml; path = Info.plist; sourceTree = "<group>"; };
		21600527262AF32200B63BB8 /* Remind.app */ = {isa = PBXFileReference; explicitFileType = wrapper.application; includeInIndex = 0; path = Remind.app; sourceTree = BUILT_PRODUCTS_DIR; };
		2160052A262AF32200B63BB8 /* AppDelegate.swift */ = {isa = PBXFileReference; lastKnownFileType = sourcecode.swift; path = AppDelegate.swift; sourceTree = "<group>"; };
		2160052C262AF32200B63BB8 /* SceneDelegate.swift */ = {isa = PBXFileReference; lastKnownFileType = sourcecode.swift; path = SceneDelegate.swift; sourceTree = "<group>"; };
		2160052E262AF32200B63BB8 /* ViewController.swift */ = {isa = PBXFileReference; lastKnownFileType = sourcecode.swift; path = ViewController.swift; sourceTree = "<group>"; };
		21600531262AF32200B63BB8 /* Base */ = {isa = PBXFileReference; lastKnownFileType = file.storyboard; name = Base; path = Base.lproj/Main.storyboard; sourceTree = "<group>"; };
		21600533262AF32400B63BB8 /* Assets.xcassets */ = {isa = PBXFileReference; lastKnownFileType = folder.assetcatalog; path = Assets.xcassets; sourceTree = "<group>"; };
		21600536262AF32400B63BB8 /* Base */ = {isa = PBXFileReference; lastKnownFileType = file.storyboard; name = Base; path = Base.lproj/LaunchScreen.storyboard; sourceTree = "<group>"; };
		21600538262AF32400B63BB8 /* Info.plist */ = {isa = PBXFileReference; lastKnownFileType = text.plist.xml; path = Info.plist; sourceTree = "<group>"; };
		21600543262AF3EE00B63BB8 /* AddViewController.swift */ = {isa = PBXFileReference; lastKnownFileType = sourcecode.swift; path = AddViewController.swift; sourceTree = "<group>"; };
		21600551262B03EA00B63BB8 /* RTaskModel.swift */ = {isa = PBXFileReference; lastKnownFileType = sourcecode.swift; path = RTaskModel.swift; sourceTree = "<group>"; };
		2160055A262B356300B63BB8 /* WidgetKit.framework */ = {isa = PBXFileReference; lastKnownFileType = wrapper.framework; name = WidgetKit.framework; path = System/Library/Frameworks/WidgetKit.framework; sourceTree = SDKROOT; };
		2160055C262B356300B63BB8 /* SwiftUI.framework */ = {isa = PBXFileReference; lastKnownFileType = wrapper.framework; name = SwiftUI.framework; path = System/Library/Frameworks/SwiftUI.framework; sourceTree = SDKROOT; };
		21A37F51262BEA8D0065A04D /* AddTaskViewModel.swift */ = {isa = PBXFileReference; lastKnownFileType = sourcecode.swift; path = AddTaskViewModel.swift; sourceTree = "<group>"; };
		C2B04B18D458FAF9ECB82F8F /* Pods_Remind.framework */ = {isa = PBXFileReference; explicitFileType = wrapper.framework; includeInIndex = 0; path = Pods_Remind.framework; sourceTree = BUILT_PRODUCTS_DIR; };
		DB5AD30938B8785E71543E39 /* Pods-Remind.release.xcconfig */ = {isa = PBXFileReference; includeInIndex = 1; lastKnownFileType = text.xcconfig; name = "Pods-Remind.release.xcconfig"; path = "Target Support Files/Pods-Remind/Pods-Remind.release.xcconfig"; sourceTree = "<group>"; };
/* End PBXFileReference section */

/* Begin PBXFrameworksBuildPhase section */
		2111B874262C121800E5418E /* Frameworks */ = {
			isa = PBXFrameworksBuildPhase;
			buildActionMask = 2147483647;
			files = (
				2111B879262C121800E5418E /* SwiftUI.framework in Frameworks */,
				2111B878262C121800E5418E /* WidgetKit.framework in Frameworks */,
			);
			runOnlyForDeploymentPostprocessing = 0;
		};
		21600524262AF32200B63BB8 /* Frameworks */ = {
			isa = PBXFrameworksBuildPhase;
			buildActionMask = 2147483647;
			files = (
				6B52CF9F1590665BF3803261 /* Pods_Remind.framework in Frameworks */,
			);
			runOnlyForDeploymentPostprocessing = 0;
		};
/* End PBXFrameworksBuildPhase section */

/* Begin PBXGroup section */
		2111B87A262C121800E5418E /* widget */ = {
			isa = PBXGroup;
			children = (
				2111B87B262C121800E5418E /* widget.swift */,
				2111B87D262C121800E5418E /* widget.intentdefinition */,
				2111B87E262C121900E5418E /* Assets.xcassets */,
				2111B880262C121900E5418E /* Info.plist */,
			);
			path = widget;
			sourceTree = "<group>";
		};
		2160051E262AF32200B63BB8 = {
			isa = PBXGroup;
			children = (
				21600529262AF32200B63BB8 /* Remind */,
				2111B87A262C121800E5418E /* widget */,
				21600528262AF32200B63BB8 /* Products */,
				2E5CF175D9AE89717E36E50D /* Pods */,
				602F5C283155821EADF42691 /* Frameworks */,
			);
			sourceTree = "<group>";
		};
		21600528262AF32200B63BB8 /* Products */ = {
			isa = PBXGroup;
			children = (
				21600527262AF32200B63BB8 /* Remind.app */,
				2111B877262C121800E5418E /* widgetExtension.appex */,
			);
			name = Products;
			sourceTree = "<group>";
		};
		21600529262AF32200B63BB8 /* Remind */ = {
			isa = PBXGroup;
			children = (
				2160052A262AF32200B63BB8 /* AppDelegate.swift */,
				2160052C262AF32200B63BB8 /* SceneDelegate.swift */,
				2160052E262AF32200B63BB8 /* ViewController.swift */,
				21600541262AF38800B63BB8 /* Module */,
				21600530262AF32200B63BB8 /* Main.storyboard */,
				21600533262AF32400B63BB8 /* Assets.xcassets */,
				21600535262AF32400B63BB8 /* LaunchScreen.storyboard */,
				21600538262AF32400B63BB8 /* Info.plist */,
			);
			path = Remind;
			sourceTree = "<group>";
		};
		21600541262AF38800B63BB8 /* Module */ = {
			isa = PBXGroup;
			children = (
				21600542262AF3A000B63BB8 /* AddTask */,
			);
			path = Module;
			sourceTree = "<group>";
		};
		21600542262AF3A000B63BB8 /* AddTask */ = {
			isa = PBXGroup;
			children = (
				21600543262AF3EE00B63BB8 /* AddViewController.swift */,
				21A37F50262BEA710065A04D /* ViewModel */,
				21600550262B03D800B63BB8 /* Model */,
			);
			path = AddTask;
			sourceTree = "<group>";
		};
		21600550262B03D800B63BB8 /* Model */ = {
			isa = PBXGroup;
			children = (
				21600551262B03EA00B63BB8 /* RTaskModel.swift */,
			);
			path = Model;
			sourceTree = "<group>";
		};
		21A37F50262BEA710065A04D /* ViewModel */ = {
			isa = PBXGroup;
			children = (
				21A37F51262BEA8D0065A04D /* AddTaskViewModel.swift */,
			);
			path = ViewModel;
			sourceTree = "<group>";
		};
		2E5CF175D9AE89717E36E50D /* Pods */ = {
			isa = PBXGroup;
			children = (
				13736D8ABBA51C8F95348B80 /* Pods-Remind.debug.xcconfig */,
				DB5AD30938B8785E71543E39 /* Pods-Remind.release.xcconfig */,
			);
			path = Pods;
			sourceTree = "<group>";
		};
		602F5C283155821EADF42691 /* Frameworks */ = {
			isa = PBXGroup;
			children = (
				C2B04B18D458FAF9ECB82F8F /* Pods_Remind.framework */,
				2160055A262B356300B63BB8 /* WidgetKit.framework */,
				2160055C262B356300B63BB8 /* SwiftUI.framework */,
			);
			name = Frameworks;
			sourceTree = "<group>";
		};
/* End PBXGroup section */

/* Begin PBXNativeTarget section */
		2111B876262C121800E5418E /* widgetExtension */ = {
			isa = PBXNativeTarget;
			buildConfigurationList = 2111B888262C121900E5418E /* Build configuration list for PBXNativeTarget "widgetExtension" */;
			buildPhases = (
				2111B873262C121800E5418E /* Sources */,
				2111B874262C121800E5418E /* Frameworks */,
				2111B875262C121800E5418E /* Resources */,
			);
			buildRules = (
			);
			dependencies = (
			);
			name = widgetExtension;
			productName = widgetExtension;
			productReference = 2111B877262C121800E5418E /* widgetExtension.appex */;
			productType = "com.apple.product-type.app-extension";
		};
		21600526262AF32200B63BB8 /* Remind */ = {
			isa = PBXNativeTarget;
			buildConfigurationList = 2160053B262AF32400B63BB8 /* Build configuration list for PBXNativeTarget "Remind" */;
			buildPhases = (
				11B68671001F54905B5F89DA /* [CP] Check Pods Manifest.lock */,
				21600523262AF32200B63BB8 /* Sources */,
				21600524262AF32200B63BB8 /* Frameworks */,
				21600525262AF32200B63BB8 /* Resources */,
				7D18E5319359A6CE6C2C93ED /* [CP] Embed Pods Frameworks */,
				2160056D262B356500B63BB8 /* Embed App Extensions */,
			);
			buildRules = (
			);
			dependencies = (
				2111B884262C121900E5418E /* PBXTargetDependency */,
			);
			name = Remind;
			productName = Remind;
			productReference = 21600527262AF32200B63BB8 /* Remind.app */;
			productType = "com.apple.product-type.application";
		};
/* End PBXNativeTarget section */

/* Begin PBXProject section */
		2160051F262AF32200B63BB8 /* Project object */ = {
			isa = PBXProject;
			attributes = {
				LastSwiftUpdateCheck = 1240;
				LastUpgradeCheck = 1240;
				TargetAttributes = {
					2111B876262C121800E5418E = {
						CreatedOnToolsVersion = 12.4;
					};
					21600526262AF32200B63BB8 = {
						CreatedOnToolsVersion = 12.4;
					};
				};
			};
			buildConfigurationList = 21600522262AF32200B63BB8 /* Build configuration list for PBXProject "Remind" */;
			compatibilityVersion = "Xcode 9.3";
			developmentRegion = en;
			hasScannedForEncodings = 0;
			knownRegions = (
				en,
				Base,
			);
			mainGroup = 2160051E262AF32200B63BB8;
			productRefGroup = 21600528262AF32200B63BB8 /* Products */;
			projectDirPath = "";
			projectRoot = "";
			targets = (
				21600526262AF32200B63BB8 /* Remind */,
				2111B876262C121800E5418E /* widgetExtension */,
			);
		};
/* End PBXProject section */

/* Begin PBXResourcesBuildPhase section */
		2111B875262C121800E5418E /* Resources */ = {
			isa = PBXResourcesBuildPhase;
			buildActionMask = 2147483647;
			files = (
				2111B87F262C121900E5418E /* Assets.xcassets in Resources */,
			);
			runOnlyForDeploymentPostprocessing = 0;
		};
		21600525262AF32200B63BB8 /* Resources */ = {
			isa = PBXResourcesBuildPhase;
			buildActionMask = 2147483647;
			files = (
				21600537262AF32400B63BB8 /* LaunchScreen.storyboard in Resources */,
				21600534262AF32400B63BB8 /* Assets.xcassets in Resources */,
				21600532262AF32200B63BB8 /* Main.storyboard in Resources */,
			);
			runOnlyForDeploymentPostprocessing = 0;
		};
/* End PBXResourcesBuildPhase section */

/* Begin PBXShellScriptBuildPhase section */
		11B68671001F54905B5F89DA /* [CP] Check Pods Manifest.lock */ = {
			isa = PBXShellScriptBuildPhase;
			buildActionMask = 2147483647;
			files = (
			);
			inputFileListPaths = (
			);
			inputPaths = (
				"${PODS_PODFILE_DIR_PATH}/Podfile.lock",
				"${PODS_ROOT}/Manifest.lock",
			);
			name = "[CP] Check Pods Manifest.lock";
			outputFileListPaths = (
			);
			outputPaths = (
				"$(DERIVED_FILE_DIR)/Pods-Remind-checkManifestLockResult.txt",
			);
			runOnlyForDeploymentPostprocessing = 0;
			shellPath = /bin/sh;
			shellScript = "diff \"${PODS_PODFILE_DIR_PATH}/Podfile.lock\" \"${PODS_ROOT}/Manifest.lock\" > /dev/null\nif [ $? != 0 ] ; then\n    # print error to STDERR\n    echo \"error: The sandbox is not in sync with the Podfile.lock. Run 'pod install' or update your CocoaPods installation.\" >&2\n    exit 1\nfi\n# This output is used by Xcode 'outputs' to avoid re-running this script phase.\necho \"SUCCESS\" > \"${SCRIPT_OUTPUT_FILE_0}\"\n";
			showEnvVarsInLog = 0;
		};
		7D18E5319359A6CE6C2C93ED /* [CP] Embed Pods Frameworks */ = {
			isa = PBXShellScriptBuildPhase;
			buildActionMask = 2147483647;
			files = (
			);
			inputFileListPaths = (
				"${PODS_ROOT}/Target Support Files/Pods-Remind/Pods-Remind-frameworks-${CONFIGURATION}-input-files.xcfilelist",
			);
			name = "[CP] Embed Pods Frameworks";
			outputFileListPaths = (
				"${PODS_ROOT}/Target Support Files/Pods-Remind/Pods-Remind-frameworks-${CONFIGURATION}-output-files.xcfilelist",
			);
			runOnlyForDeploymentPostprocessing = 0;
			shellPath = /bin/sh;
			shellScript = "\"${PODS_ROOT}/Target Support Files/Pods-Remind/Pods-Remind-frameworks.sh\"\n";
			showEnvVarsInLog = 0;
		};
/* End PBXShellScriptBuildPhase section */

/* Begin PBXSourcesBuildPhase section */
		2111B873262C121800E5418E /* Sources */ = {
			isa = PBXSourcesBuildPhase;
			buildActionMask = 2147483647;
			files = (
				2111B881262C121900E5418E /* widget.intentdefinition in Sources */,
				2111B87C262C121800E5418E /* widget.swift in Sources */,
			);
			runOnlyForDeploymentPostprocessing = 0;
		};
		21600523262AF32200B63BB8 /* Sources */ = {
			isa = PBXSourcesBuildPhase;
			buildActionMask = 2147483647;
			files = (
				21A37F52262BEA8D0065A04D /* AddTaskViewModel.swift in Sources */,
				2160052F262AF32200B63BB8 /* ViewController.swift in Sources */,
				2160052B262AF32200B63BB8 /* AppDelegate.swift in Sources */,
				21600544262AF3EE00B63BB8 /* AddViewController.swift in Sources */,
				21600552262B03EA00B63BB8 /* RTaskModel.swift in Sources */,
				2111B882262C121900E5418E /* widget.intentdefinition in Sources */,
				2160052D262AF32200B63BB8 /* SceneDelegate.swift in Sources */,
			);
			runOnlyForDeploymentPostprocessing = 0;
		};
/* End PBXSourcesBuildPhase section */

/* Begin PBXTargetDependency section */
		2111B884262C121900E5418E /* PBXTargetDependency */ = {
			isa = PBXTargetDependency;
			target = 2111B876262C121800E5418E /* widgetExtension */;
			targetProxy = 2111B883262C121900E5418E /* PBXContainerItemProxy */;
		};
/* End PBXTargetDependency section */

/* Begin PBXVariantGroup section */
		21600530262AF32200B63BB8 /* Main.storyboard */ = {
			isa = PBXVariantGroup;
			children = (
				21600531262AF32200B63BB8 /* Base */,
			);
			name = Main.storyboard;
			sourceTree = "<group>";
		};
		21600535262AF32400B63BB8 /* LaunchScreen.storyboard */ = {
			isa = PBXVariantGroup;
			children = (
				21600536262AF32400B63BB8 /* Base */,
			);
			name = LaunchScreen.storyboard;
			sourceTree = "<group>";
		};
/* End PBXVariantGroup section */

/* Begin XCBuildConfiguration section */
		2111B886262C121900E5418E /* Debug */ = {
			isa = XCBuildConfiguration;
			buildSettings = {
				ASSETCATALOG_COMPILER_GLOBAL_ACCENT_COLOR_NAME = AccentColor;
				ASSETCATALOG_COMPILER_WIDGET_BACKGROUND_COLOR_NAME = WidgetBackground;
				CODE_SIGN_STYLE = Automatic;
				DEVELOPMENT_TEAM = ZYX47356W3;
				INFOPLIST_FILE = widget/Info.plist;
				LD_RUNPATH_SEARCH_PATHS = (
					"$(inherited)",
					"@executable_path/Frameworks",
					"@executable_path/../../Frameworks",
				);
				PRODUCT_BUNDLE_IDENTIFIER = example.Remind.widget;
				PRODUCT_NAME = "$(TARGET_NAME)";
				SKIP_INSTALL = YES;
				SWIFT_VERSION = 5.0;
				TARGETED_DEVICE_FAMILY = "1,2";
			};
			name = Debug;
		};
		2111B887262C121900E5418E /* Release */ = {
			isa = XCBuildConfiguration;
			buildSettings = {
				ASSETCATALOG_COMPILER_GLOBAL_ACCENT_COLOR_NAME = AccentColor;
				ASSETCATALOG_COMPILER_WIDGET_BACKGROUND_COLOR_NAME = WidgetBackground;
				CODE_SIGN_STYLE = Automatic;
				DEVELOPMENT_TEAM = ZYX47356W3;
				INFOPLIST_FILE = widget/Info.plist;
				LD_RUNPATH_SEARCH_PATHS = (
					"$(inherited)",
					"@executable_path/Frameworks",
					"@executable_path/../../Frameworks",
				);
				PRODUCT_BUNDLE_IDENTIFIER = example.Remind.widget;
				PRODUCT_NAME = "$(TARGET_NAME)";
				SKIP_INSTALL = YES;
				SWIFT_VERSION = 5.0;
				TARGETED_DEVICE_FAMILY = "1,2";
			};
			name = Release;
		};
		21600539262AF32400B63BB8 /* Debug */ = {
			isa = XCBuildConfiguration;
			buildSettings = {
				ALWAYS_SEARCH_USER_PATHS = NO;
				CLANG_ANALYZER_NONNULL = YES;
				CLANG_ANALYZER_NUMBER_OBJECT_CONVERSION = YES_AGGRESSIVE;
				CLANG_CXX_LANGUAGE_STANDARD = "gnu++14";
				CLANG_CXX_LIBRARY = "libc++";
				CLANG_ENABLE_MODULES = YES;
				CLANG_ENABLE_OBJC_ARC = YES;
				CLANG_ENABLE_OBJC_WEAK = YES;
				CLANG_WARN_BLOCK_CAPTURE_AUTORELEASING = YES;
				CLANG_WARN_BOOL_CONVERSION = YES;
				CLANG_WARN_COMMA = YES;
				CLANG_WARN_CONSTANT_CONVERSION = YES;
				CLANG_WARN_DEPRECATED_OBJC_IMPLEMENTATIONS = YES;
				CLANG_WARN_DIRECT_OBJC_ISA_USAGE = YES_ERROR;
				CLANG_WARN_DOCUMENTATION_COMMENTS = YES;
				CLANG_WARN_EMPTY_BODY = YES;
				CLANG_WARN_ENUM_CONVERSION = YES;
				CLANG_WARN_INFINITE_RECURSION = YES;
				CLANG_WARN_INT_CONVERSION = YES;
				CLANG_WARN_NON_LITERAL_NULL_CONVERSION = YES;
				CLANG_WARN_OBJC_IMPLICIT_RETAIN_SELF = YES;
				CLANG_WARN_OBJC_LITERAL_CONVERSION = YES;
				CLANG_WARN_OBJC_ROOT_CLASS = YES_ERROR;
				CLANG_WARN_QUOTED_INCLUDE_IN_FRAMEWORK_HEADER = YES;
				CLANG_WARN_RANGE_LOOP_ANALYSIS = YES;
				CLANG_WARN_STRICT_PROTOTYPES = YES;
				CLANG_WARN_SUSPICIOUS_MOVE = YES;
				CLANG_WARN_UNGUARDED_AVAILABILITY = YES_AGGRESSIVE;
				CLANG_WARN_UNREACHABLE_CODE = YES;
				CLANG_WARN__DUPLICATE_METHOD_MATCH = YES;
				COPY_PHASE_STRIP = NO;
				DEBUG_INFORMATION_FORMAT = dwarf;
				ENABLE_STRICT_OBJC_MSGSEND = YES;
				ENABLE_TESTABILITY = YES;
				GCC_C_LANGUAGE_STANDARD = gnu11;
				GCC_DYNAMIC_NO_PIC = NO;
				GCC_NO_COMMON_BLOCKS = YES;
				GCC_OPTIMIZATION_LEVEL = 0;
				GCC_PREPROCESSOR_DEFINITIONS = (
					"DEBUG=1",
					"$(inherited)",
				);
				GCC_WARN_64_TO_32_BIT_CONVERSION = YES;
				GCC_WARN_ABOUT_RETURN_TYPE = YES_ERROR;
				GCC_WARN_UNDECLARED_SELECTOR = YES;
				GCC_WARN_UNINITIALIZED_AUTOS = YES_AGGRESSIVE;
				GCC_WARN_UNUSED_FUNCTION = YES;
				GCC_WARN_UNUSED_VARIABLE = YES;
				IPHONEOS_DEPLOYMENT_TARGET = 14.4;
				MTL_ENABLE_DEBUG_INFO = INCLUDE_SOURCE;
				MTL_FAST_MATH = YES;
				ONLY_ACTIVE_ARCH = YES;
				SDKROOT = iphoneos;
				SWIFT_ACTIVE_COMPILATION_CONDITIONS = DEBUG;
				SWIFT_OPTIMIZATION_LEVEL = "-Onone";
			};
			name = Debug;
		};
		2160053A262AF32400B63BB8 /* Release */ = {
			isa = XCBuildConfiguration;
			buildSettings = {
				ALWAYS_SEARCH_USER_PATHS = NO;
				CLANG_ANALYZER_NONNULL = YES;
				CLANG_ANALYZER_NUMBER_OBJECT_CONVERSION = YES_AGGRESSIVE;
				CLANG_CXX_LANGUAGE_STANDARD = "gnu++14";
				CLANG_CXX_LIBRARY = "libc++";
				CLANG_ENABLE_MODULES = YES;
				CLANG_ENABLE_OBJC_ARC = YES;
				CLANG_ENABLE_OBJC_WEAK = YES;
				CLANG_WARN_BLOCK_CAPTURE_AUTORELEASING = YES;
				CLANG_WARN_BOOL_CONVERSION = YES;
				CLANG_WARN_COMMA = YES;
				CLANG_WARN_CONSTANT_CONVERSION = YES;
				CLANG_WARN_DEPRECATED_OBJC_IMPLEMENTATIONS = YES;
				CLANG_WARN_DIRECT_OBJC_ISA_USAGE = YES_ERROR;
				CLANG_WARN_DOCUMENTATION_COMMENTS = YES;
				CLANG_WARN_EMPTY_BODY = YES;
				CLANG_WARN_ENUM_CONVERSION = YES;
				CLANG_WARN_INFINITE_RECURSION = YES;
				CLANG_WARN_INT_CONVERSION = YES;
				CLANG_WARN_NON_LITERAL_NULL_CONVERSION = YES;
				CLANG_WARN_OBJC_IMPLICIT_RETAIN_SELF = YES;
				CLANG_WARN_OBJC_LITERAL_CONVERSION = YES;
				CLANG_WARN_OBJC_ROOT_CLASS = YES_ERROR;
				CLANG_WARN_QUOTED_INCLUDE_IN_FRAMEWORK_HEADER = YES;
				CLANG_WARN_RANGE_LOOP_ANALYSIS = YES;
				CLANG_WARN_STRICT_PROTOTYPES = YES;
				CLANG_WARN_SUSPICIOUS_MOVE = YES;
				CLANG_WARN_UNGUARDED_AVAILABILITY = YES_AGGRESSIVE;
				CLANG_WARN_UNREACHABLE_CODE = YES;
				CLANG_WARN__DUPLICATE_METHOD_MATCH = YES;
				COPY_PHASE_STRIP = NO;
				DEBUG_INFORMATION_FORMAT = "dwarf-with-dsym";
				ENABLE_NS_ASSERTIONS = NO;
				ENABLE_STRICT_OBJC_MSGSEND = YES;
				GCC_C_LANGUAGE_STANDARD = gnu11;
				GCC_NO_COMMON_BLOCKS = YES;
				GCC_WARN_64_TO_32_BIT_CONVERSION = YES;
				GCC_WARN_ABOUT_RETURN_TYPE = YES_ERROR;
				GCC_WARN_UNDECLARED_SELECTOR = YES;
				GCC_WARN_UNINITIALIZED_AUTOS = YES_AGGRESSIVE;
				GCC_WARN_UNUSED_FUNCTION = YES;
				GCC_WARN_UNUSED_VARIABLE = YES;
				IPHONEOS_DEPLOYMENT_TARGET = 14.4;
				MTL_ENABLE_DEBUG_INFO = NO;
				MTL_FAST_MATH = YES;
				SDKROOT = iphoneos;
				SWIFT_COMPILATION_MODE = wholemodule;
				SWIFT_OPTIMIZATION_LEVEL = "-O";
				VALIDATE_PRODUCT = YES;
			};
			name = Release;
		};
		2160053C262AF32400B63BB8 /* Debug */ = {
			isa = XCBuildConfiguration;
			baseConfigurationReference = 13736D8ABBA51C8F95348B80 /* Pods-Remind.debug.xcconfig */;
			buildSettings = {
				ALWAYS_EMBED_SWIFT_STANDARD_LIBRARIES = YES;
				ASSETCATALOG_COMPILER_APPICON_NAME = AppIcon;
				ASSETCATALOG_COMPILER_GLOBAL_ACCENT_COLOR_NAME = AccentColor;
				CODE_SIGN_STYLE = Automatic;
				DEVELOPMENT_TEAM = ZYX47356W3;
				INFOPLIST_FILE = Remind/Info.plist;
				IPHONEOS_DEPLOYMENT_TARGET = 14.1;
				LD_RUNPATH_SEARCH_PATHS = (
					"$(inherited)",
					"@executable_path/Frameworks",
				);
				PRODUCT_BUNDLE_IDENTIFIER = example.Remind;
				PRODUCT_NAME = "$(TARGET_NAME)";
				SWIFT_VERSION = 5.0;
				TARGETED_DEVICE_FAMILY = "1,2";
			};
			name = Debug;
		};
		2160053D262AF32400B63BB8 /* Release */ = {
			isa = XCBuildConfiguration;
			baseConfigurationReference = DB5AD30938B8785E71543E39 /* Pods-Remind.release.xcconfig */;
			buildSettings = {
				ALWAYS_EMBED_SWIFT_STANDARD_LIBRARIES = YES;
				ASSETCATALOG_COMPILER_APPICON_NAME = AppIcon;
				ASSETCATALOG_COMPILER_GLOBAL_ACCENT_COLOR_NAME = AccentColor;
				CODE_SIGN_STYLE = Automatic;
				DEVELOPMENT_TEAM = ZYX47356W3;
				INFOPLIST_FILE = Remind/Info.plist;
				IPHONEOS_DEPLOYMENT_TARGET = 14.1;
				LD_RUNPATH_SEARCH_PATHS = (
					"$(inherited)",
					"@executable_path/Frameworks",
				);
				PRODUCT_BUNDLE_IDENTIFIER = example.Remind;
				PRODUCT_NAME = "$(TARGET_NAME)";
				SWIFT_VERSION = 5.0;
				TARGETED_DEVICE_FAMILY = "1,2";
			};
			name = Release;
		};
/* End XCBuildConfiguration section */

/* Begin XCConfigurationList section */
		2111B888262C121900E5418E /* Build configuration list for PBXNativeTarget "widgetExtension" */ = {
			isa = XCConfigurationList;
			buildConfigurations = (
				2111B886262C121900E5418E /* Debug */,
				2111B887262C121900E5418E /* Release */,
			);
			defaultConfigurationIsVisible = 0;
			defaultConfigurationName = Release;
		};
		21600522262AF32200B63BB8 /* Build configuration list for PBXProject "Remind" */ = {
			isa = XCConfigurationList;
			buildConfigurations = (
				21600539262AF32400B63BB8 /* Debug */,
				2160053A262AF32400B63BB8 /* Release */,
			);
			defaultConfigurationIsVisible = 0;
			defaultConfigurationName = Release;
		};
		2160053B262AF32400B63BB8 /* Build configuration list for PBXNativeTarget "Remind" */ = {
			isa = XCConfigurationList;
			buildConfigurations = (
				2160053C262AF32400B63BB8 /* Debug */,
				2160053D262AF32400B63BB8 /* Release */,
			);
			defaultConfigurationIsVisible = 0;
			defaultConfigurationName = Release;
		};
/* End XCConfigurationList section */
	};
	rootObject = 2160051F262AF32200B63BB8 /* Project object */;
}
